
Microsoft Visual Studio Solution File, Format Version 12.00
# Visual Studio Version 16
VisualStudioVersion = 16.0.32901.82
MinimumVisualStudioVersion = 10.0.40219.1
Project("{FAE04EC0-301F-11D3-BF4B-00C04F79EFBC}") = "ControllerFiles", "ControllerFiles\ControllerFiles.csproj", "{B415E2F6-9382-4AED-BF35-C024B5DFC8AA}"
EndProject
Project("{FAE04EC0-301F-11D3-BF4B-00C04F79EFBC}") = "Respository", "Respository\Respository.csproj", "{851ADCC9-3BBF-4624-AE3C-734634B0862B}"
EndProject
Project("{FAE04EC0-301F-11D3-BF4B-00C04F79EFBC}") = "BAL", "BAL\BAL.csproj", "{259EC1E9-9326-4AA8-B4AA-ABD90AD13CD2}"
EndProject
Project("{FAE04EC0-301F-11D3-BF4B-00C04F79EFBC}") = "Model", "Model\Model.csproj", "{C8446428-478B-42CA-A2AD-83A66094EF9F}"
EndProject
Project("{2150E333-8FDC-42A3-9474-1A3956D46DE8}") = "Solution Items", "Solution Items", "{CD59E922-5832-495B-9395-09809338B97B}"
	ProjectSection(SolutionItems) = preProject
		.editorconfig = .editorconfig
	EndProjectSection
EndProject
Global
	GlobalSection(SolutionConfigurationPlatforms) = preSolution
		Debug|Any CPU = Debug|Any CPU
		Release|Any CPU = Release|Any CPU
	EndGlobalSection
	GlobalSection(ProjectConfigurationPlatforms) = postSolution
		{B415E2F6-9382-4AED-BF35-C024B5DFC8AA}.Debug|Any CPU.ActiveCfg = Debug|Any CPU
		{B415E2F6-9382-4AED-BF35-C024B5DFC8AA}.Debug|Any CPU.Build.0 = Debug|Any CPU
		{B415E2F6-9382-4AED-BF35-C024B5DFC8AA}.Release|Any CPU.ActiveCfg = Release|Any CPU
		{B415E2F6-9382-4AED-BF35-C024B5DFC8AA}.Release|Any CPU.Build.0 = Release|Any CPU
		{851ADCC9-3BBF-4624-AE3C-734634B0862B}.Debug|Any CPU.ActiveCfg = Debug|Any CPU
		{851ADCC9-3BBF-4624-AE3C-734634B0862B}.Debug|Any CPU.Build.0 = Debug|Any CPU
		{851ADCC9-3BBF-4624-AE3C-734634B0862B}.Release|Any CPU.ActiveCfg = Release|Any CPU
		{851ADCC9-3BBF-4624-AE3C-734634B0862B}.Release|Any CPU.Build.0 = Release|Any CPU
		{259EC1E9-9326-4AA8-B4AA-ABD90AD13CD2}.Debug|Any CPU.ActiveCfg = Debug|Any CPU
		{259EC1E9-9326-4AA8-B4AA-ABD90AD13CD2}.Debug|Any CPU.Build.0 = Debug|Any CPU
		{259EC1E9-9326-4AA8-B4AA-ABD90AD13CD2}.Release|Any CPU.ActiveCfg = Release|Any CPU
		{259EC1E9-9326-4AA8-B4AA-ABD90AD13CD2}.Release|Any CPU.Build.0 = Release|Any CPU
		{C8446428-478B-42CA-A2AD-83A66094EF9F}.Debug|Any CPU.ActiveCfg = Debug|Any CPU
		{C8446428-478B-42CA-A2AD-83A66094EF9F}.Debug|Any CPU.Build.0 = Debug|Any CPU
		{C8446428-478B-42CA-A2AD-83A66094EF9F}.Release|Any CPU.ActiveCfg = Release|Any CPU
		{C8446428-478B-42CA-A2AD-83A66094EF9F}.Release|Any CPU.Build.0 = Release|Any CPU
	EndGlobalSection
	GlobalSection(SolutionProperties) = preSolution
		HideSolutionNode = FALSE
	EndGlobalSection
	GlobalSection(ExtensibilityGlobals) = postSolution
		SolutionGuid = {155DEF41-9BCD-45F0-B8AD-A137B92A99F4}
	EndGlobalSection
EndGlobal
